speakeasyVersion: 1.782.1
sources:
    novu-oas:
        sourceNamespace: novu-oas
        sourceRevisionDigest: sha256:bc98de4e9d7d6afb4946e7f08e68849f2492ff4f376cc9a68484621ab3de135a
        sourceBlobDigest: sha256:fe2f656b5ba21f2d9da8c4f5101cd002cb76800763578c4d7023016a67630a28
        tags:
            - latest
            - 3.17.1
    novu-openapi:
        sourceNamespace: novu-openapi
        sourceRevisionDigest: sha256:973dd24f70a47cff44a3e8bc932ecdbf3bafb19f6c5d917e891508fdf92d301e
        sourceBlobDigest: sha256:30d81c9dca8c8ae1dbbf92469ad76cecbc5b435ce80af5148333cf1115e81149
        tags:
            - latest
            - 3.11.0
targets:
    postman:
        source: novu-oas
        sourceNamespace: novu-oas
        sourceRevisionDigest: sha256:bc98de4e9d7d6afb4946e7f08e68849f2492ff4f376cc9a68484621ab3de135a
        sourceBlobDigest: sha256:fe2f656b5ba21f2d9da8c4f5101cd002cb76800763578c4d7023016a67630a28
workflow:
    workflowVersion: 1.0.0
    speakeasyVersion: latest
    sources:
        novu-oas:
            inputs:
                - location: https://api.novu.co/openapi.sdk.yaml
            output: sources/openapi.json
            registry:
                location: registry.speakeasyapi.dev/novu/novu/novu-oas
    targets:
        postman:
            target: postman
            source: novu-oas
            output: postman
