speakeasyVersion: 1.759.2
sources:
    novu-oas:
        sourceNamespace: novu-oas
        sourceRevisionDigest: sha256:cfbdf877d13bb94aa2ad18f45364ac1f45258a7d5dcd83c1b2ef3c2dd5b831db
        sourceBlobDigest: sha256:b7276f78a3c697a57755219a0c2fd772629cfe7fe26c4a913ff99aef6b053193
        tags:
            - latest
            - 3.14.0
    novu-openapi:
        sourceNamespace: novu-openapi
        sourceRevisionDigest: sha256:973dd24f70a47cff44a3e8bc932ecdbf3bafb19f6c5d917e891508fdf92d301e
        sourceBlobDigest: sha256:30d81c9dca8c8ae1dbbf92469ad76cecbc5b435ce80af5148333cf1115e81149
        tags:
            - latest
            - 3.11.0
targets:
    postman:
        source: novu-oas
        sourceNamespace: novu-oas
        sourceRevisionDigest: sha256:cfbdf877d13bb94aa2ad18f45364ac1f45258a7d5dcd83c1b2ef3c2dd5b831db
        sourceBlobDigest: sha256:b7276f78a3c697a57755219a0c2fd772629cfe7fe26c4a913ff99aef6b053193
workflow:
    workflowVersion: 1.0.0
    speakeasyVersion: latest
    sources:
        novu-oas:
            inputs:
                - location: https://api.novu.co/openapi.sdk.yaml
            output: sources/openapi.json
            registry:
                location: registry.speakeasyapi.dev/novu/novu/novu-oas
    targets:
        postman:
            target: postman
            source: novu-oas
            output: postman
